
Microsoft Visual Studio Solution File, Format Version 12.00
# Visual Studio Version 16
VisualStudioVersion = 16.0.31005.135
MinimumVisualStudioVersion = 10.0.40219.1
Project("{FAE04EC0-301F-11D3-BF4B-00C04F79EFBC}") = "VendoMatic", "VendoMatic.csproj", "{F30DDF82-78BD-4373-A3C1-7FAFCCDB0596}"
EndProject
Global
	GlobalSection(SolutionConfigurationPlatforms) = preSolution
		Debug|Any CPU = Debug|Any CPU
		Release|Any CPU = Release|Any CPU
	EndGlobalSection
	GlobalSection(ProjectConfigurationPlatforms) = postSolution
		{F30DDF82-78BD-4373-A3C1-7FAFCCDB0596}.Debug|Any CPU.ActiveCfg = Debug|Any CPU
		{F30DDF82-78BD-4373-A3C1-7FAFCCDB0596}.Debug|Any CPU.Build.0 = Debug|Any CPU
		{F30DDF82-78BD-4373-A3C1-7FAFCCDB0596}.Release|Any CPU.ActiveCfg = Release|Any CPU
		{F30DDF82-78BD-4373-A3C1-7FAFCCDB0596}.Release|Any CPU.Build.0 = Release|Any CPU
	EndGlobalSection
	GlobalSection(SolutionProperties) = preSolution
		HideSolutionNode = FALSE
	EndGlobalSection
	GlobalSection(ExtensibilityGlobals) = postSolution
		SolutionGuid = {8E2C9B46-1202-4C5C-9E02-96BE93CAB1DC}
	EndGlobalSection
EndGlobal
