
Microsoft Visual Studio Solution File, Format Version 12.00
# Visual Studio Version 16
VisualStudioVersion = 16.0.31005.135
MinimumVisualStudioVersion = 10.0.40219.1
Project("{FAE04EC0-301F-11D3-BF4B-00C04F79EFBC}") = "BJWF", "BJWF.csproj", "{095293F1-D6C4-4150-A0F5-839E922EBFC5}"
EndProject
Global
	GlobalSection(SolutionConfigurationPlatforms) = preSolution
		Debug|Any CPU = Debug|Any CPU
		Release|Any CPU = Release|Any CPU
	EndGlobalSection
	GlobalSection(ProjectConfigurationPlatforms) = postSolution
		{095293F1-D6C4-4150-A0F5-839E922EBFC5}.Debug|Any CPU.ActiveCfg = Debug|Any CPU
		{095293F1-D6C4-4150-A0F5-839E922EBFC5}.Debug|Any CPU.Build.0 = Debug|Any CPU
		{095293F1-D6C4-4150-A0F5-839E922EBFC5}.Release|Any CPU.ActiveCfg = Release|Any CPU
		{095293F1-D6C4-4150-A0F5-839E922EBFC5}.Release|Any CPU.Build.0 = Release|Any CPU
	EndGlobalSection
	GlobalSection(SolutionProperties) = preSolution
		HideSolutionNode = FALSE
	EndGlobalSection
	GlobalSection(ExtensibilityGlobals) = postSolution
		SolutionGuid = {2E8431FC-C980-43BD-807A-48070D3448E7}
	EndGlobalSection
EndGlobal
